
Microsoft Visual Studio Solution File, Format Version 12.00
# Visual Studio 15
Project("{FAE04EC0-301F-11D3-BF4B-00C04F79EFBC}") = "Assembly-CSharp-Editor-firstpass", "Assembly-CSharp-Editor-firstpass.csproj", "{F3BAEB6A-5F70-5D49-877D-9C65E3AABCC2}"
EndProject
Project("{FAE04EC0-301F-11D3-BF4B-00C04F79EFBC}") = "Assembly-CSharp", "Assembly-CSharp.csproj", "{46DA5CD3-9F51-B8EB-47BC-C890F4FC2372}"
EndProject
Project("{FAE04EC0-301F-11D3-BF4B-00C04F79EFBC}") = "Assembly-CSharp-firstpass", "Assembly-CSharp-firstpass.csproj", "{82FB3489-8A73-5D4C-7B92-BC2978881EFC}"
EndProject
Global
	GlobalSection(SolutionConfigurationPlatforms) = preSolution
		Debug|Any CPU = Debug|Any CPU
		Release|Any CPU = Release|Any CPU
	EndGlobalSection
	GlobalSection(ProjectConfigurationPlatforms) = postSolution
		{F3BAEB6A-5F70-5D49-877D-9C65E3AABCC2}.Debug|Any CPU.ActiveCfg = Debug|Any CPU
		{F3BAEB6A-5F70-5D49-877D-9C65E3AABCC2}.Debug|Any CPU.Build.0 = Debug|Any CPU
		{F3BAEB6A-5F70-5D49-877D-9C65E3AABCC2}.Release|Any CPU.ActiveCfg = Release|Any CPU
		{F3BAEB6A-5F70-5D49-877D-9C65E3AABCC2}.Release|Any CPU.Build.0 = Release|Any CPU
		{46DA5CD3-9F51-B8EB-47BC-C890F4FC2372}.Debug|Any CPU.ActiveCfg = Debug|Any CPU
		{46DA5CD3-9F51-B8EB-47BC-C890F4FC2372}.Debug|Any CPU.Build.0 = Debug|Any CPU
		{46DA5CD3-9F51-B8EB-47BC-C890F4FC2372}.Release|Any CPU.ActiveCfg = Release|Any CPU
		{46DA5CD3-9F51-B8EB-47BC-C890F4FC2372}.Release|Any CPU.Build.0 = Release|Any CPU
		{82FB3489-8A73-5D4C-7B92-BC2978881EFC}.Debug|Any CPU.ActiveCfg = Debug|Any CPU
		{82FB3489-8A73-5D4C-7B92-BC2978881EFC}.Debug|Any CPU.Build.0 = Debug|Any CPU
		{82FB3489-8A73-5D4C-7B92-BC2978881EFC}.Release|Any CPU.ActiveCfg = Release|Any CPU
		{82FB3489-8A73-5D4C-7B92-BC2978881EFC}.Release|Any CPU.Build.0 = Release|Any CPU
	EndGlobalSection
	GlobalSection(SolutionProperties) = preSolution
		HideSolutionNode = FALSE
	EndGlobalSection
EndGlobal
